
Microsoft Visual Studio Solution File, Format Version 12.00
# Visual Studio 15
Project("{FAE04EC0-301F-11D3-BF4B-00C04F79EFBC}") = "ios-crash", "ios-crash\ios-crash.csproj", "{2B8677CD-887E-430D-8CF8-8C4F9FCC4A02}"
EndProject
Global
	GlobalSection(SolutionConfigurationPlatforms) = preSolution
		Debug|iPhoneSimulator = Debug|iPhoneSimulator
		Release|iPhoneSimulator = Release|iPhoneSimulator
		Debug|iPhone = Debug|iPhone
		Release|iPhone = Release|iPhone
	EndGlobalSection
	GlobalSection(ProjectConfigurationPlatforms) = postSolution
		{2B8677CD-887E-430D-8CF8-8C4F9FCC4A02}.Debug|iPhoneSimulator.ActiveCfg = Debug|iPhoneSimulator
		{2B8677CD-887E-430D-8CF8-8C4F9FCC4A02}.Debug|iPhoneSimulator.Build.0 = Debug|iPhoneSimulator
		{2B8677CD-887E-430D-8CF8-8C4F9FCC4A02}.Release|iPhoneSimulator.ActiveCfg = Release|iPhoneSimulator
		{2B8677CD-887E-430D-8CF8-8C4F9FCC4A02}.Release|iPhoneSimulator.Build.0 = Release|iPhoneSimulator
		{2B8677CD-887E-430D-8CF8-8C4F9FCC4A02}.Debug|iPhone.ActiveCfg = Debug|iPhone
		{2B8677CD-887E-430D-8CF8-8C4F9FCC4A02}.Debug|iPhone.Build.0 = Debug|iPhone
		{2B8677CD-887E-430D-8CF8-8C4F9FCC4A02}.Release|iPhone.ActiveCfg = Release|iPhone
		{2B8677CD-887E-430D-8CF8-8C4F9FCC4A02}.Release|iPhone.Build.0 = Release|iPhone
	EndGlobalSection
EndGlobal
